
Microsoft Visual Studio Solution File, Format Version 12.00
# Visual Studio 15
VisualStudioVersion = 15.0.26124.0
MinimumVisualStudioVersion = 15.0.26124.0
Project("{FAE04EC0-301F-11D3-BF4B-00C04F79EFBC}") = "Domain", "Domain\Domain.csproj", "{0CCB46C6-C3CE-4E0D-A2C9-50F2673DF3A6}"
EndProject
Project("{FAE04EC0-301F-11D3-BF4B-00C04F79EFBC}") = "API", "API\API.csproj", "{E75B0DAD-ACA8-45C8-B625-CECF8075F0E1}"
EndProject
Project("{FAE04EC0-301F-11D3-BF4B-00C04F79EFBC}") = "Application", "Application\Application.csproj", "{C4FD0603-0C09-4C4C-8654-E818519F7A48}"
EndProject
Project("{FAE04EC0-301F-11D3-BF4B-00C04F79EFBC}") = "Persistence", "Persistence\Persistence.csproj", "{179596B0-75EA-4970-ADE8-7D8E91550537}"
EndProject
Global
	GlobalSection(SolutionConfigurationPlatforms) = preSolution
		Debug|Any CPU = Debug|Any CPU
		Debug|x64 = Debug|x64
		Debug|x86 = Debug|x86
		Release|Any CPU = Release|Any CPU
		Release|x64 = Release|x64
		Release|x86 = Release|x86
	EndGlobalSection
	GlobalSection(SolutionProperties) = preSolution
		HideSolutionNode = FALSE
	EndGlobalSection
	GlobalSection(ProjectConfigurationPlatforms) = postSolution
		{0CCB46C6-C3CE-4E0D-A2C9-50F2673DF3A6}.Debug|Any CPU.ActiveCfg = Debug|Any CPU
		{0CCB46C6-C3CE-4E0D-A2C9-50F2673DF3A6}.Debug|Any CPU.Build.0 = Debug|Any CPU
		{0CCB46C6-C3CE-4E0D-A2C9-50F2673DF3A6}.Debug|x64.ActiveCfg = Debug|Any CPU
		{0CCB46C6-C3CE-4E0D-A2C9-50F2673DF3A6}.Debug|x64.Build.0 = Debug|Any CPU
		{0CCB46C6-C3CE-4E0D-A2C9-50F2673DF3A6}.Debug|x86.ActiveCfg = Debug|Any CPU
		{0CCB46C6-C3CE-4E0D-A2C9-50F2673DF3A6}.Debug|x86.Build.0 = Debug|Any CPU
		{0CCB46C6-C3CE-4E0D-A2C9-50F2673DF3A6}.Release|Any CPU.ActiveCfg = Release|Any CPU
		{0CCB46C6-C3CE-4E0D-A2C9-50F2673DF3A6}.Release|Any CPU.Build.0 = Release|Any CPU
		{0CCB46C6-C3CE-4E0D-A2C9-50F2673DF3A6}.Release|x64.ActiveCfg = Release|Any CPU
		{0CCB46C6-C3CE-4E0D-A2C9-50F2673DF3A6}.Release|x64.Build.0 = Release|Any CPU
		{0CCB46C6-C3CE-4E0D-A2C9-50F2673DF3A6}.Release|x86.ActiveCfg = Release|Any CPU
		{0CCB46C6-C3CE-4E0D-A2C9-50F2673DF3A6}.Release|x86.Build.0 = Release|Any CPU
		{E75B0DAD-ACA8-45C8-B625-CECF8075F0E1}.Debug|Any CPU.ActiveCfg = Debug|Any CPU
		{E75B0DAD-ACA8-45C8-B625-CECF8075F0E1}.Debug|Any CPU.Build.0 = Debug|Any CPU
		{E75B0DAD-ACA8-45C8-B625-CECF8075F0E1}.Debug|x64.ActiveCfg = Debug|Any CPU
		{E75B0DAD-ACA8-45C8-B625-CECF8075F0E1}.Debug|x64.Build.0 = Debug|Any CPU
		{E75B0DAD-ACA8-45C8-B625-CECF8075F0E1}.Debug|x86.ActiveCfg = Debug|Any CPU
		{E75B0DAD-ACA8-45C8-B625-CECF8075F0E1}.Debug|x86.Build.0 = Debug|Any CPU
		{E75B0DAD-ACA8-45C8-B625-CECF8075F0E1}.Release|Any CPU.ActiveCfg = Release|Any CPU
		{E75B0DAD-ACA8-45C8-B625-CECF8075F0E1}.Release|Any CPU.Build.0 = Release|Any CPU
		{E75B0DAD-ACA8-45C8-B625-CECF8075F0E1}.Release|x64.ActiveCfg = Release|Any CPU
		{E75B0DAD-ACA8-45C8-B625-CECF8075F0E1}.Release|x64.Build.0 = Release|Any CPU
		{E75B0DAD-ACA8-45C8-B625-CECF8075F0E1}.Release|x86.ActiveCfg = Release|Any CPU
		{E75B0DAD-ACA8-45C8-B625-CECF8075F0E1}.Release|x86.Build.0 = Release|Any CPU
		{C4FD0603-0C09-4C4C-8654-E818519F7A48}.Debug|Any CPU.ActiveCfg = Debug|Any CPU
		{C4FD0603-0C09-4C4C-8654-E818519F7A48}.Debug|Any CPU.Build.0 = Debug|Any CPU
		{C4FD0603-0C09-4C4C-8654-E818519F7A48}.Debug|x64.ActiveCfg = Debug|Any CPU
		{C4FD0603-0C09-4C4C-8654-E818519F7A48}.Debug|x64.Build.0 = Debug|Any CPU
		{C4FD0603-0C09-4C4C-8654-E818519F7A48}.Debug|x86.ActiveCfg = Debug|Any CPU
		{C4FD0603-0C09-4C4C-8654-E818519F7A48}.Debug|x86.Build.0 = Debug|Any CPU
		{C4FD0603-0C09-4C4C-8654-E818519F7A48}.Release|Any CPU.ActiveCfg = Release|Any CPU
		{C4FD0603-0C09-4C4C-8654-E818519F7A48}.Release|Any CPU.Build.0 = Release|Any CPU
		{C4FD0603-0C09-4C4C-8654-E818519F7A48}.Release|x64.ActiveCfg = Release|Any CPU
		{C4FD0603-0C09-4C4C-8654-E818519F7A48}.Release|x64.Build.0 = Release|Any CPU
		{C4FD0603-0C09-4C4C-8654-E818519F7A48}.Release|x86.ActiveCfg = Release|Any CPU
		{C4FD0603-0C09-4C4C-8654-E818519F7A48}.Release|x86.Build.0 = Release|Any CPU
		{179596B0-75EA-4970-ADE8-7D8E91550537}.Debug|Any CPU.ActiveCfg = Debug|Any CPU
		{179596B0-75EA-4970-ADE8-7D8E91550537}.Debug|Any CPU.Build.0 = Debug|Any CPU
		{179596B0-75EA-4970-ADE8-7D8E91550537}.Debug|x64.ActiveCfg = Debug|Any CPU
		{179596B0-75EA-4970-ADE8-7D8E91550537}.Debug|x64.Build.0 = Debug|Any CPU
		{179596B0-75EA-4970-ADE8-7D8E91550537}.Debug|x86.ActiveCfg = Debug|Any CPU
		{179596B0-75EA-4970-ADE8-7D8E91550537}.Debug|x86.Build.0 = Debug|Any CPU
		{179596B0-75EA-4970-ADE8-7D8E91550537}.Release|Any CPU.ActiveCfg = Release|Any CPU
		{179596B0-75EA-4970-ADE8-7D8E91550537}.Release|Any CPU.Build.0 = Release|Any CPU
		{179596B0-75EA-4970-ADE8-7D8E91550537}.Release|x64.ActiveCfg = Release|Any CPU
		{179596B0-75EA-4970-ADE8-7D8E91550537}.Release|x64.Build.0 = Release|Any CPU
		{179596B0-75EA-4970-ADE8-7D8E91550537}.Release|x86.ActiveCfg = Release|Any CPU
		{179596B0-75EA-4970-ADE8-7D8E91550537}.Release|x86.Build.0 = Release|Any CPU
	EndGlobalSection
EndGlobal
